
Microsoft Visual Studio Solution File, Format Version 11.00
# Visual C# Express 2010
Project("{FAE04EC0-301F-11D3-BF4B-00C04F79EFBC}") = "ApplicationCore", "ApplicationCore\ApplicationCore.csproj", "{DDC35EA0-1A5D-44C4-95DF-DA0D40998585}"
EndProject
Project("{FAE04EC0-301F-11D3-BF4B-00C04F79EFBC}") = "EQEmu", "..\EQEmu\EQEmu.csproj", "{FF3C817F-BA5C-4850-9CB9-2376DAF69DEF}"
EndProject
Project("{FAE04EC0-301F-11D3-BF4B-00C04F79EFBC}") = "EQEmuDisplay3D", "..\EQEmuDisplay3D\EQEmuDisplay3D.csproj", "{4443C51A-26CC-426A-B0CE-C59634C8BF26}"
EndProject
Project("{FAE04EC0-301F-11D3-BF4B-00C04F79EFBC}") = "LineOfSightArea.Loader.Test", "LineOfSightArea.Loader.Test\LineOfSightArea.Loader.Test.csproj", "{7B451FC1-6C44-46A9-9658-8A3D0CA9312B}"
EndProject
Project("{FAE04EC0-301F-11D3-BF4B-00C04F79EFBC}") = "QueryConfigLoader.Test", "QueryConfigLoader.Test\QueryConfigLoader.Test.csproj", "{12C7DEF5-B751-4C4F-A64B-73F443CD2725}"
EndProject
Project("{FAE04EC0-301F-11D3-BF4B-00C04F79EFBC}") = "RoamArea.Loader.Test", "RoamArea.Loader.Test\RoamArea.Loader.Test.csproj", "{186CBC9E-38C2-43FD-961E-2F4278C56ADC}"
EndProject
Project("{FAE04EC0-301F-11D3-BF4B-00C04F79EFBC}") = "PathingPlugin", "PathingPlugin\PathingPlugin.csproj", "{AE6C781C-5BC7-4C9C-81E4-E7A471A5C3AB}"
EndProject
Project("{FAE04EC0-301F-11D3-BF4B-00C04F79EFBC}") = "MapPlugin", "MapPlugin\MapPlugin.csproj", "{B2C454AF-00DC-475A-97F2-87670518FB44}"
EndProject
Project("{FAE04EC0-301F-11D3-BF4B-00C04F79EFBC}") = "GridsPlugin", "GridsPlugin\GridsPlugin.csproj", "{1299F913-250E-41C4-AC31-052915C3B913}"
EndProject
Project("{FAE04EC0-301F-11D3-BF4B-00C04F79EFBC}") = "SpawnsPlugin", "SpawnsPlugin\SpawnsPlugin.csproj", "{736FAFCE-BEDA-4B2F-A8BA-D5A87C4E1C58}"
EndProject
Project("{FAE04EC0-301F-11D3-BF4B-00C04F79EFBC}") = "RoamAreasPlugin", "RoamAreasPlugin\RoamAreasPlugin.csproj", "{57F1F1C5-B9A2-46C0-8C15-12F7EB8D782A}"
EndProject
Project("{FAE04EC0-301F-11D3-BF4B-00C04F79EFBC}") = "LineOfSightAreaPlugin", "LineOfSightAreaPlugin\LineOfSightAreaPlugin.csproj", "{FC79B01E-6E68-44DE-9908-9A01EF4F8D24}"
EndProject
Project("{FAE04EC0-301F-11D3-BF4B-00C04F79EFBC}") = "GroundSpawnsPlugin", "GroundSpawnsPlugin\GroundSpawnsPlugin.csproj", "{E94B5E83-FEA1-4863-BF9E-1913DB07A8C2}"
EndProject
Project("{FAE04EC0-301F-11D3-BF4B-00C04F79EFBC}") = "SpawnGroupPlugin", "SpawnGroupPlugin\SpawnGroupPlugin.csproj", "{80AC7EAF-8689-4398-9E26-4289B81762A2}"
EndProject
Project("{FAE04EC0-301F-11D3-BF4B-00C04F79EFBC}") = "ZonePointsPlugin", "ZonePointsPlugin\ZonePointsPlugin.csproj", "{846EA2D3-CF96-4EFD-BB2E-D298B456D742}"
EndProject
Project("{FAE04EC0-301F-11D3-BF4B-00C04F79EFBC}") = "LootPlugin", "LootPlugin\LootPlugin.csproj", "{3E3CD01F-665A-47C3-845A-9D7A79FFFAF4}"
EndProject
Project("{FAE04EC0-301F-11D3-BF4B-00C04F79EFBC}") = "SpawnExtractorPlugin", "SpawnExtractorPlugin\SpawnExtractorPlugin.csproj", "{71EC9BE8-E02C-4326-ACD3-12D62E0D7553}"
EndProject
Project("{FAE04EC0-301F-11D3-BF4B-00C04F79EFBC}") = "S3DPlugin", "S3DPlugin\S3DPlugin.csproj", "{E9ED1CD9-7460-4E96-8661-706B243B50D1}"
EndProject
Project("{FAE04EC0-301F-11D3-BF4B-00C04F79EFBC}") = "DoorsPlugin", "DoorsPlugin\DoorsPlugin.csproj", "{B900320D-068A-42E3-AE50-3D705058E213}"
EndProject
Project("{FAE04EC0-301F-11D3-BF4B-00C04F79EFBC}") = "NpcTypePlugin", "NpcTypePlugin\NpcTypePlugin.csproj", "{710A97A9-EF86-40A4-A38C-BD9001404F33}"
EndProject
Global
	GlobalSection(SolutionConfigurationPlatforms) = preSolution
		Debug|Any CPU = Debug|Any CPU
		Debug|Mixed Platforms = Debug|Mixed Platforms
		Debug|x86 = Debug|x86
		EQEmuDebug|Any CPU = EQEmuDebug|Any CPU
		EQEmuDebug|Mixed Platforms = EQEmuDebug|Mixed Platforms
		EQEmuDebug|x86 = EQEmuDebug|x86
		EQEmuRelease|Any CPU = EQEmuRelease|Any CPU
		EQEmuRelease|Mixed Platforms = EQEmuRelease|Mixed Platforms
		EQEmuRelease|x86 = EQEmuRelease|x86
		Release|Any CPU = Release|Any CPU
		Release|Mixed Platforms = Release|Mixed Platforms
		Release|x86 = Release|x86
	EndGlobalSection
	GlobalSection(ProjectConfigurationPlatforms) = postSolution
		{DDC35EA0-1A5D-44C4-95DF-DA0D40998585}.Debug|Any CPU.ActiveCfg = Debug|x86
		{DDC35EA0-1A5D-44C4-95DF-DA0D40998585}.Debug|Any CPU.Build.0 = Debug|x86
		{DDC35EA0-1A5D-44C4-95DF-DA0D40998585}.Debug|Mixed Platforms.ActiveCfg = Debug|x86
		{DDC35EA0-1A5D-44C4-95DF-DA0D40998585}.Debug|Mixed Platforms.Build.0 = Debug|x86
		{DDC35EA0-1A5D-44C4-95DF-DA0D40998585}.Debug|x86.ActiveCfg = Debug|x86
		{DDC35EA0-1A5D-44C4-95DF-DA0D40998585}.Debug|x86.Build.0 = Debug|x86
		{DDC35EA0-1A5D-44C4-95DF-DA0D40998585}.EQEmuDebug|Any CPU.ActiveCfg = EQEmuDebug|x86
		{DDC35EA0-1A5D-44C4-95DF-DA0D40998585}.EQEmuDebug|Any CPU.Build.0 = EQEmuDebug|x86
		{DDC35EA0-1A5D-44C4-95DF-DA0D40998585}.EQEmuDebug|Mixed Platforms.ActiveCfg = EQEmuDebug|x86
		{DDC35EA0-1A5D-44C4-95DF-DA0D40998585}.EQEmuDebug|Mixed Platforms.Build.0 = EQEmuDebug|x86
		{DDC35EA0-1A5D-44C4-95DF-DA0D40998585}.EQEmuDebug|x86.ActiveCfg = EQEmuDebug|x86
		{DDC35EA0-1A5D-44C4-95DF-DA0D40998585}.EQEmuRelease|Any CPU.ActiveCfg = EQEmuRelease|x86
		{DDC35EA0-1A5D-44C4-95DF-DA0D40998585}.EQEmuRelease|Any CPU.Build.0 = EQEmuRelease|x86
		{DDC35EA0-1A5D-44C4-95DF-DA0D40998585}.EQEmuRelease|Mixed Platforms.ActiveCfg = EQEmuRelease|x86
		{DDC35EA0-1A5D-44C4-95DF-DA0D40998585}.EQEmuRelease|Mixed Platforms.Build.0 = EQEmuRelease|x86
		{DDC35EA0-1A5D-44C4-95DF-DA0D40998585}.EQEmuRelease|x86.ActiveCfg = EQEmuRelease|x86
		{DDC35EA0-1A5D-44C4-95DF-DA0D40998585}.Release|Any CPU.ActiveCfg = Release|x86
		{DDC35EA0-1A5D-44C4-95DF-DA0D40998585}.Release|Mixed Platforms.ActiveCfg = Release|x86
		{DDC35EA0-1A5D-44C4-95DF-DA0D40998585}.Release|Mixed Platforms.Build.0 = Release|x86
		{DDC35EA0-1A5D-44C4-95DF-DA0D40998585}.Release|x86.ActiveCfg = Release|x86
		{DDC35EA0-1A5D-44C4-95DF-DA0D40998585}.Release|x86.Build.0 = Release|x86
		{FF3C817F-BA5C-4850-9CB9-2376DAF69DEF}.Debug|Any CPU.ActiveCfg = Debug|Any CPU
		{FF3C817F-BA5C-4850-9CB9-2376DAF69DEF}.Debug|Any CPU.Build.0 = Debug|Any CPU
		{FF3C817F-BA5C-4850-9CB9-2376DAF69DEF}.Debug|Mixed Platforms.ActiveCfg = Debug|Any CPU
		{FF3C817F-BA5C-4850-9CB9-2376DAF69DEF}.Debug|Mixed Platforms.Build.0 = Debug|Any CPU
		{FF3C817F-BA5C-4850-9CB9-2376DAF69DEF}.Debug|x86.ActiveCfg = Debug|Any CPU
		{FF3C817F-BA5C-4850-9CB9-2376DAF69DEF}.EQEmuDebug|Any CPU.ActiveCfg = EQEmuDebug|Any CPU
		{FF3C817F-BA5C-4850-9CB9-2376DAF69DEF}.EQEmuDebug|Any CPU.Build.0 = EQEmuDebug|Any CPU
		{FF3C817F-BA5C-4850-9CB9-2376DAF69DEF}.EQEmuDebug|Mixed Platforms.ActiveCfg = EQEmuDebug|Any CPU
		{FF3C817F-BA5C-4850-9CB9-2376DAF69DEF}.EQEmuDebug|Mixed Platforms.Build.0 = EQEmuDebug|Any CPU
		{FF3C817F-BA5C-4850-9CB9-2376DAF69DEF}.EQEmuDebug|x86.ActiveCfg = EQEmuDebug|Any CPU
		{FF3C817F-BA5C-4850-9CB9-2376DAF69DEF}.EQEmuRelease|Any CPU.ActiveCfg = EQEmuRelease|Any CPU
		{FF3C817F-BA5C-4850-9CB9-2376DAF69DEF}.EQEmuRelease|Any CPU.Build.0 = EQEmuRelease|Any CPU
		{FF3C817F-BA5C-4850-9CB9-2376DAF69DEF}.EQEmuRelease|Mixed Platforms.ActiveCfg = EQEmuRelease|Any CPU
		{FF3C817F-BA5C-4850-9CB9-2376DAF69DEF}.EQEmuRelease|Mixed Platforms.Build.0 = EQEmuRelease|Any CPU
		{FF3C817F-BA5C-4850-9CB9-2376DAF69DEF}.EQEmuRelease|x86.ActiveCfg = EQEmuRelease|Any CPU
		{FF3C817F-BA5C-4850-9CB9-2376DAF69DEF}.Release|Any CPU.ActiveCfg = Release|Any CPU
		{FF3C817F-BA5C-4850-9CB9-2376DAF69DEF}.Release|Any CPU.Build.0 = Release|Any CPU
		{FF3C817F-BA5C-4850-9CB9-2376DAF69DEF}.Release|Mixed Platforms.ActiveCfg = Release|Any CPU
		{FF3C817F-BA5C-4850-9CB9-2376DAF69DEF}.Release|Mixed Platforms.Build.0 = Release|Any CPU
		{FF3C817F-BA5C-4850-9CB9-2376DAF69DEF}.Release|x86.ActiveCfg = Release|Any CPU
		{4443C51A-26CC-426A-B0CE-C59634C8BF26}.Debug|Any CPU.ActiveCfg = Debug|Any CPU
		{4443C51A-26CC-426A-B0CE-C59634C8BF26}.Debug|Any CPU.Build.0 = Debug|Any CPU
		{4443C51A-26CC-426A-B0CE-C59634C8BF26}.Debug|Mixed Platforms.ActiveCfg = Debug|Any CPU
		{4443C51A-26CC-426A-B0CE-C59634C8BF26}.Debug|Mixed Platforms.Build.0 = Debug|Any CPU
		{4443C51A-26CC-426A-B0CE-C59634C8BF26}.Debug|x86.ActiveCfg = Debug|Any CPU
		{4443C51A-26CC-426A-B0CE-C59634C8BF26}.EQEmuDebug|Any CPU.ActiveCfg = EQEmuDebug|Any CPU
		{4443C51A-26CC-426A-B0CE-C59634C8BF26}.EQEmuDebug|Any CPU.Build.0 = EQEmuDebug|Any CPU
		{4443C51A-26CC-426A-B0CE-C59634C8BF26}.EQEmuDebug|Mixed Platforms.ActiveCfg = EQEmuDebug|Any CPU
		{4443C51A-26CC-426A-B0CE-C59634C8BF26}.EQEmuDebug|Mixed Platforms.Build.0 = EQEmuDebug|Any CPU
		{4443C51A-26CC-426A-B0CE-C59634C8BF26}.EQEmuDebug|x86.ActiveCfg = EQEmuDebug|Any CPU
		{4443C51A-26CC-426A-B0CE-C59634C8BF26}.EQEmuRelease|Any CPU.ActiveCfg = EQEmuRelease|Any CPU
		{4443C51A-26CC-426A-B0CE-C59634C8BF26}.EQEmuRelease|Any CPU.Build.0 = EQEmuRelease|Any CPU
		{4443C51A-26CC-426A-B0CE-C59634C8BF26}.EQEmuRelease|Mixed Platforms.ActiveCfg = EQEmuRelease|Any CPU
		{4443C51A-26CC-426A-B0CE-C59634C8BF26}.EQEmuRelease|Mixed Platforms.Build.0 = EQEmuRelease|Any CPU
		{4443C51A-26CC-426A-B0CE-C59634C8BF26}.EQEmuRelease|x86.ActiveCfg = EQEmuRelease|Any CPU
		{4443C51A-26CC-426A-B0CE-C59634C8BF26}.Release|Any CPU.ActiveCfg = Release|Any CPU
		{4443C51A-26CC-426A-B0CE-C59634C8BF26}.Release|Any CPU.Build.0 = Release|Any CPU
		{4443C51A-26CC-426A-B0CE-C59634C8BF26}.Release|Mixed Platforms.ActiveCfg = Release|Any CPU
		{4443C51A-26CC-426A-B0CE-C59634C8BF26}.Release|Mixed Platforms.Build.0 = Release|Any CPU
		{4443C51A-26CC-426A-B0CE-C59634C8BF26}.Release|x86.ActiveCfg = Release|Any CPU
		{7B451FC1-6C44-46A9-9658-8A3D0CA9312B}.Debug|Any CPU.ActiveCfg = Debug|x86
		{7B451FC1-6C44-46A9-9658-8A3D0CA9312B}.Debug|Mixed Platforms.ActiveCfg = Debug|x86
		{7B451FC1-6C44-46A9-9658-8A3D0CA9312B}.Debug|Mixed Platforms.Build.0 = Debug|x86
		{7B451FC1-6C44-46A9-9658-8A3D0CA9312B}.Debug|x86.ActiveCfg = Debug|x86
		{7B451FC1-6C44-46A9-9658-8A3D0CA9312B}.Debug|x86.Build.0 = Debug|x86
		{7B451FC1-6C44-46A9-9658-8A3D0CA9312B}.EQEmuDebug|Any CPU.ActiveCfg = EQEmuDebug|x86
		{7B451FC1-6C44-46A9-9658-8A3D0CA9312B}.EQEmuDebug|Mixed Platforms.ActiveCfg = EQEmuDebug|x86
		{7B451FC1-6C44-46A9-9658-8A3D0CA9312B}.EQEmuDebug|x86.ActiveCfg = EQEmuDebug|x86
		{7B451FC1-6C44-46A9-9658-8A3D0CA9312B}.EQEmuRelease|Any CPU.ActiveCfg = EQEmuRelease|x86
		{7B451FC1-6C44-46A9-9658-8A3D0CA9312B}.EQEmuRelease|Mixed Platforms.ActiveCfg = EQEmuRelease|x86
		{7B451FC1-6C44-46A9-9658-8A3D0CA9312B}.EQEmuRelease|x86.ActiveCfg = EQEmuRelease|x86
		{7B451FC1-6C44-46A9-9658-8A3D0CA9312B}.Release|Any CPU.ActiveCfg = Release|x86
		{7B451FC1-6C44-46A9-9658-8A3D0CA9312B}.Release|Mixed Platforms.ActiveCfg = Release|x86
		{7B451FC1-6C44-46A9-9658-8A3D0CA9312B}.Release|Mixed Platforms.Build.0 = Release|x86
		{7B451FC1-6C44-46A9-9658-8A3D0CA9312B}.Release|x86.ActiveCfg = Release|x86
		{7B451FC1-6C44-46A9-9658-8A3D0CA9312B}.Release|x86.Build.0 = Release|x86
		{12C7DEF5-B751-4C4F-A64B-73F443CD2725}.Debug|Any CPU.ActiveCfg = Debug|x86
		{12C7DEF5-B751-4C4F-A64B-73F443CD2725}.Debug|Mixed Platforms.ActiveCfg = Debug|x86
		{12C7DEF5-B751-4C4F-A64B-73F443CD2725}.Debug|Mixed Platforms.Build.0 = Debug|x86
		{12C7DEF5-B751-4C4F-A64B-73F443CD2725}.Debug|x86.ActiveCfg = Debug|x86
		{12C7DEF5-B751-4C4F-A64B-73F443CD2725}.Debug|x86.Build.0 = Debug|x86
		{12C7DEF5-B751-4C4F-A64B-73F443CD2725}.EQEmuDebug|Any CPU.ActiveCfg = EQEmuDebug|x86
		{12C7DEF5-B751-4C4F-A64B-73F443CD2725}.EQEmuDebug|Any CPU.Build.0 = EQEmuDebug|x86
		{12C7DEF5-B751-4C4F-A64B-73F443CD2725}.EQEmuDebug|Mixed Platforms.ActiveCfg = EQEmuDebug|x86
		{12C7DEF5-B751-4C4F-A64B-73F443CD2725}.EQEmuDebug|Mixed Platforms.Build.0 = EQEmuDebug|x86
		{12C7DEF5-B751-4C4F-A64B-73F443CD2725}.EQEmuDebug|x86.ActiveCfg = EQEmuDebug|x86
		{12C7DEF5-B751-4C4F-A64B-73F443CD2725}.EQEmuRelease|Any CPU.ActiveCfg = EQEmuRelease|x86
		{12C7DEF5-B751-4C4F-A64B-73F443CD2725}.EQEmuRelease|Mixed Platforms.ActiveCfg = EQEmuRelease|x86
		{12C7DEF5-B751-4C4F-A64B-73F443CD2725}.EQEmuRelease|Mixed Platforms.Build.0 = EQEmuRelease|x86
		{12C7DEF5-B751-4C4F-A64B-73F443CD2725}.EQEmuRelease|x86.ActiveCfg = EQEmuRelease|x86
		{12C7DEF5-B751-4C4F-A64B-73F443CD2725}.Release|Any CPU.ActiveCfg = Release|x86
		{12C7DEF5-B751-4C4F-A64B-73F443CD2725}.Release|Mixed Platforms.ActiveCfg = Release|x86
		{12C7DEF5-B751-4C4F-A64B-73F443CD2725}.Release|Mixed Platforms.Build.0 = Release|x86
		{12C7DEF5-B751-4C4F-A64B-73F443CD2725}.Release|x86.ActiveCfg = Release|x86
		{12C7DEF5-B751-4C4F-A64B-73F443CD2725}.Release|x86.Build.0 = Release|x86
		{186CBC9E-38C2-43FD-961E-2F4278C56ADC}.Debug|Any CPU.ActiveCfg = Debug|x86
		{186CBC9E-38C2-43FD-961E-2F4278C56ADC}.Debug|Mixed Platforms.ActiveCfg = Debug|x86
		{186CBC9E-38C2-43FD-961E-2F4278C56ADC}.Debug|Mixed Platforms.Build.0 = Debug|x86
		{186CBC9E-38C2-43FD-961E-2F4278C56ADC}.Debug|x86.ActiveCfg = Debug|x86
		{186CBC9E-38C2-43FD-961E-2F4278C56ADC}.Debug|x86.Build.0 = Debug|x86
		{186CBC9E-38C2-43FD-961E-2F4278C56ADC}.EQEmuDebug|Any CPU.ActiveCfg = EQEmuDebug|x86
		{186CBC9E-38C2-43FD-961E-2F4278C56ADC}.EQEmuDebug|Mixed Platforms.ActiveCfg = EQEmuDebug|x86
		{186CBC9E-38C2-43FD-961E-2F4278C56ADC}.EQEmuDebug|x86.ActiveCfg = EQEmuDebug|x86
		{186CBC9E-38C2-43FD-961E-2F4278C56ADC}.EQEmuRelease|Any CPU.ActiveCfg = EQEmuRelease|x86
		{186CBC9E-38C2-43FD-961E-2F4278C56ADC}.EQEmuRelease|Mixed Platforms.ActiveCfg = EQEmuRelease|x86
		{186CBC9E-38C2-43FD-961E-2F4278C56ADC}.EQEmuRelease|x86.ActiveCfg = EQEmuRelease|x86
		{186CBC9E-38C2-43FD-961E-2F4278C56ADC}.Release|Any CPU.ActiveCfg = Release|x86
		{186CBC9E-38C2-43FD-961E-2F4278C56ADC}.Release|Mixed Platforms.ActiveCfg = Release|x86
		{186CBC9E-38C2-43FD-961E-2F4278C56ADC}.Release|Mixed Platforms.Build.0 = Release|x86
		{186CBC9E-38C2-43FD-961E-2F4278C56ADC}.Release|x86.ActiveCfg = Release|x86
		{186CBC9E-38C2-43FD-961E-2F4278C56ADC}.Release|x86.Build.0 = Release|x86
		{AE6C781C-5BC7-4C9C-81E4-E7A471A5C3AB}.Debug|Any CPU.ActiveCfg = Debug|Any CPU
		{AE6C781C-5BC7-4C9C-81E4-E7A471A5C3AB}.Debug|Any CPU.Build.0 = Debug|Any CPU
		{AE6C781C-5BC7-4C9C-81E4-E7A471A5C3AB}.Debug|Mixed Platforms.ActiveCfg = Debug|Any CPU
		{AE6C781C-5BC7-4C9C-81E4-E7A471A5C3AB}.Debug|Mixed Platforms.Build.0 = Debug|Any CPU
		{AE6C781C-5BC7-4C9C-81E4-E7A471A5C3AB}.Debug|x86.ActiveCfg = Debug|Any CPU
		{AE6C781C-5BC7-4C9C-81E4-E7A471A5C3AB}.EQEmuDebug|Any CPU.ActiveCfg = EQEmuDebug|Any CPU
		{AE6C781C-5BC7-4C9C-81E4-E7A471A5C3AB}.EQEmuDebug|Any CPU.Build.0 = EQEmuDebug|Any CPU
		{AE6C781C-5BC7-4C9C-81E4-E7A471A5C3AB}.EQEmuDebug|Mixed Platforms.ActiveCfg = EQEmuDebug|Any CPU
		{AE6C781C-5BC7-4C9C-81E4-E7A471A5C3AB}.EQEmuDebug|Mixed Platforms.Build.0 = EQEmuDebug|Any CPU
		{AE6C781C-5BC7-4C9C-81E4-E7A471A5C3AB}.EQEmuDebug|x86.ActiveCfg = EQEmuDebug|Any CPU
		{AE6C781C-5BC7-4C9C-81E4-E7A471A5C3AB}.EQEmuRelease|Any CPU.ActiveCfg = EQEmuRelease|Any CPU
		{AE6C781C-5BC7-4C9C-81E4-E7A471A5C3AB}.EQEmuRelease|Any CPU.Build.0 = EQEmuRelease|Any CPU
		{AE6C781C-5BC7-4C9C-81E4-E7A471A5C3AB}.EQEmuRelease|Mixed Platforms.ActiveCfg = EQEmuRelease|Any CPU
		{AE6C781C-5BC7-4C9C-81E4-E7A471A5C3AB}.EQEmuRelease|Mixed Platforms.Build.0 = EQEmuRelease|Any CPU
		{AE6C781C-5BC7-4C9C-81E4-E7A471A5C3AB}.EQEmuRelease|x86.ActiveCfg = EQEmuRelease|Any CPU
		{AE6C781C-5BC7-4C9C-81E4-E7A471A5C3AB}.Release|Any CPU.ActiveCfg = Release|Any CPU
		{AE6C781C-5BC7-4C9C-81E4-E7A471A5C3AB}.Release|Any CPU.Build.0 = Release|Any CPU
		{AE6C781C-5BC7-4C9C-81E4-E7A471A5C3AB}.Release|Mixed Platforms.ActiveCfg = Release|Any CPU
		{AE6C781C-5BC7-4C9C-81E4-E7A471A5C3AB}.Release|Mixed Platforms.Build.0 = Release|Any CPU
		{AE6C781C-5BC7-4C9C-81E4-E7A471A5C3AB}.Release|x86.ActiveCfg = Release|Any CPU
		{B2C454AF-00DC-475A-97F2-87670518FB44}.Debug|Any CPU.ActiveCfg = Debug|Any CPU
		{B2C454AF-00DC-475A-97F2-87670518FB44}.Debug|Any CPU.Build.0 = Debug|Any CPU
		{B2C454AF-00DC-475A-97F2-87670518FB44}.Debug|Mixed Platforms.ActiveCfg = Debug|Any CPU
		{B2C454AF-00DC-475A-97F2-87670518FB44}.Debug|Mixed Platforms.Build.0 = Debug|Any CPU
		{B2C454AF-00DC-475A-97F2-87670518FB44}.Debug|x86.ActiveCfg = Debug|Any CPU
		{B2C454AF-00DC-475A-97F2-87670518FB44}.EQEmuDebug|Any CPU.ActiveCfg = EQEmuDebug|Any CPU
		{B2C454AF-00DC-475A-97F2-87670518FB44}.EQEmuDebug|Any CPU.Build.0 = EQEmuDebug|Any CPU
		{B2C454AF-00DC-475A-97F2-87670518FB44}.EQEmuDebug|Mixed Platforms.ActiveCfg = EQEmuDebug|Any CPU
		{B2C454AF-00DC-475A-97F2-87670518FB44}.EQEmuDebug|Mixed Platforms.Build.0 = EQEmuDebug|Any CPU
		{B2C454AF-00DC-475A-97F2-87670518FB44}.EQEmuDebug|x86.ActiveCfg = EQEmuDebug|Any CPU
		{B2C454AF-00DC-475A-97F2-87670518FB44}.EQEmuRelease|Any CPU.ActiveCfg = EQEmuRelease|Any CPU
		{B2C454AF-00DC-475A-97F2-87670518FB44}.EQEmuRelease|Any CPU.Build.0 = EQEmuRelease|Any CPU
		{B2C454AF-00DC-475A-97F2-87670518FB44}.EQEmuRelease|Mixed Platforms.ActiveCfg = EQEmuRelease|Any CPU
		{B2C454AF-00DC-475A-97F2-87670518FB44}.EQEmuRelease|Mixed Platforms.Build.0 = EQEmuRelease|Any CPU
		{B2C454AF-00DC-475A-97F2-87670518FB44}.EQEmuRelease|x86.ActiveCfg = EQEmuRelease|Any CPU
		{B2C454AF-00DC-475A-97F2-87670518FB44}.Release|Any CPU.ActiveCfg = Release|Any CPU
		{B2C454AF-00DC-475A-97F2-87670518FB44}.Release|Any CPU.Build.0 = Release|Any CPU
		{B2C454AF-00DC-475A-97F2-87670518FB44}.Release|Mixed Platforms.ActiveCfg = Release|Any CPU
		{B2C454AF-00DC-475A-97F2-87670518FB44}.Release|Mixed Platforms.Build.0 = Release|Any CPU
		{B2C454AF-00DC-475A-97F2-87670518FB44}.Release|x86.ActiveCfg = Release|Any CPU
		{1299F913-250E-41C4-AC31-052915C3B913}.Debug|Any CPU.ActiveCfg = Debug|Any CPU
		{1299F913-250E-41C4-AC31-052915C3B913}.Debug|Any CPU.Build.0 = Debug|Any CPU
		{1299F913-250E-41C4-AC31-052915C3B913}.Debug|Mixed Platforms.ActiveCfg = Debug|Any CPU
		{1299F913-250E-41C4-AC31-052915C3B913}.Debug|Mixed Platforms.Build.0 = Debug|Any CPU
		{1299F913-250E-41C4-AC31-052915C3B913}.Debug|x86.ActiveCfg = Debug|Any CPU
		{1299F913-250E-41C4-AC31-052915C3B913}.EQEmuDebug|Any CPU.ActiveCfg = EQEmuDebug|Any CPU
		{1299F913-250E-41C4-AC31-052915C3B913}.EQEmuDebug|Any CPU.Build.0 = EQEmuDebug|Any CPU
		{1299F913-250E-41C4-AC31-052915C3B913}.EQEmuDebug|Mixed Platforms.ActiveCfg = EQEmuDebug|Any CPU
		{1299F913-250E-41C4-AC31-052915C3B913}.EQEmuDebug|Mixed Platforms.Build.0 = EQEmuDebug|Any CPU
		{1299F913-250E-41C4-AC31-052915C3B913}.EQEmuDebug|x86.ActiveCfg = EQEmuDebug|Any CPU
		{1299F913-250E-41C4-AC31-052915C3B913}.EQEmuRelease|Any CPU.ActiveCfg = EQEmuRelease|Any CPU
		{1299F913-250E-41C4-AC31-052915C3B913}.EQEmuRelease|Any CPU.Build.0 = EQEmuRelease|Any CPU
		{1299F913-250E-41C4-AC31-052915C3B913}.EQEmuRelease|Mixed Platforms.ActiveCfg = EQEmuRelease|Any CPU
		{1299F913-250E-41C4-AC31-052915C3B913}.EQEmuRelease|Mixed Platforms.Build.0 = EQEmuRelease|Any CPU
		{1299F913-250E-41C4-AC31-052915C3B913}.EQEmuRelease|x86.ActiveCfg = EQEmuRelease|Any CPU
		{1299F913-250E-41C4-AC31-052915C3B913}.Release|Any CPU.ActiveCfg = Release|Any CPU
		{1299F913-250E-41C4-AC31-052915C3B913}.Release|Any CPU.Build.0 = Release|Any CPU
		{1299F913-250E-41C4-AC31-052915C3B913}.Release|Mixed Platforms.ActiveCfg = Release|Any CPU
		{1299F913-250E-41C4-AC31-052915C3B913}.Release|Mixed Platforms.Build.0 = Release|Any CPU
		{1299F913-250E-41C4-AC31-052915C3B913}.Release|x86.ActiveCfg = Release|Any CPU
		{736FAFCE-BEDA-4B2F-A8BA-D5A87C4E1C58}.Debug|Any CPU.ActiveCfg = Debug|Any CPU
		{736FAFCE-BEDA-4B2F-A8BA-D5A87C4E1C58}.Debug|Any CPU.Build.0 = Debug|Any CPU
		{736FAFCE-BEDA-4B2F-A8BA-D5A87C4E1C58}.Debug|Mixed Platforms.ActiveCfg = Debug|Any CPU
		{736FAFCE-BEDA-4B2F-A8BA-D5A87C4E1C58}.Debug|Mixed Platforms.Build.0 = Debug|Any CPU
		{736FAFCE-BEDA-4B2F-A8BA-D5A87C4E1C58}.Debug|x86.ActiveCfg = Debug|Any CPU
		{736FAFCE-BEDA-4B2F-A8BA-D5A87C4E1C58}.EQEmuDebug|Any CPU.ActiveCfg = EQEmuDebug|Any CPU
		{736FAFCE-BEDA-4B2F-A8BA-D5A87C4E1C58}.EQEmuDebug|Any CPU.Build.0 = EQEmuDebug|Any CPU
		{736FAFCE-BEDA-4B2F-A8BA-D5A87C4E1C58}.EQEmuDebug|Mixed Platforms.ActiveCfg = EQEmuDebug|Any CPU
		{736FAFCE-BEDA-4B2F-A8BA-D5A87C4E1C58}.EQEmuDebug|Mixed Platforms.Build.0 = EQEmuDebug|Any CPU
		{736FAFCE-BEDA-4B2F-A8BA-D5A87C4E1C58}.EQEmuDebug|x86.ActiveCfg = EQEmuDebug|Any CPU
		{736FAFCE-BEDA-4B2F-A8BA-D5A87C4E1C58}.EQEmuRelease|Any CPU.ActiveCfg = EQEmuRelease|Any CPU
		{736FAFCE-BEDA-4B2F-A8BA-D5A87C4E1C58}.EQEmuRelease|Any CPU.Build.0 = EQEmuRelease|Any CPU
		{736FAFCE-BEDA-4B2F-A8BA-D5A87C4E1C58}.EQEmuRelease|Mixed Platforms.ActiveCfg = EQEmuRelease|Any CPU
		{736FAFCE-BEDA-4B2F-A8BA-D5A87C4E1C58}.EQEmuRelease|Mixed Platforms.Build.0 = EQEmuRelease|Any CPU
		{736FAFCE-BEDA-4B2F-A8BA-D5A87C4E1C58}.EQEmuRelease|x86.ActiveCfg = EQEmuRelease|Any CPU
		{736FAFCE-BEDA-4B2F-A8BA-D5A87C4E1C58}.Release|Any CPU.ActiveCfg = Release|Any CPU
		{736FAFCE-BEDA-4B2F-A8BA-D5A87C4E1C58}.Release|Any CPU.Build.0 = Release|Any CPU
		{736FAFCE-BEDA-4B2F-A8BA-D5A87C4E1C58}.Release|Mixed Platforms.ActiveCfg = Release|Any CPU
		{736FAFCE-BEDA-4B2F-A8BA-D5A87C4E1C58}.Release|Mixed Platforms.Build.0 = Release|Any CPU
		{736FAFCE-BEDA-4B2F-A8BA-D5A87C4E1C58}.Release|x86.ActiveCfg = Release|Any CPU
		{57F1F1C5-B9A2-46C0-8C15-12F7EB8D782A}.Debug|Any CPU.ActiveCfg = Debug|Any CPU
		{57F1F1C5-B9A2-46C0-8C15-12F7EB8D782A}.Debug|Any CPU.Build.0 = Debug|Any CPU
		{57F1F1C5-B9A2-46C0-8C15-12F7EB8D782A}.Debug|Mixed Platforms.ActiveCfg = Debug|Any CPU
		{57F1F1C5-B9A2-46C0-8C15-12F7EB8D782A}.Debug|Mixed Platforms.Build.0 = Debug|Any CPU
		{57F1F1C5-B9A2-46C0-8C15-12F7EB8D782A}.Debug|x86.ActiveCfg = Debug|Any CPU
		{57F1F1C5-B9A2-46C0-8C15-12F7EB8D782A}.EQEmuDebug|Any CPU.ActiveCfg = EQEmuDebug|Any CPU
		{57F1F1C5-B9A2-46C0-8C15-12F7EB8D782A}.EQEmuDebug|Mixed Platforms.ActiveCfg = EQEmuDebug|Any CPU
		{57F1F1C5-B9A2-46C0-8C15-12F7EB8D782A}.EQEmuDebug|x86.ActiveCfg = EQEmuDebug|Any CPU
		{57F1F1C5-B9A2-46C0-8C15-12F7EB8D782A}.EQEmuRelease|Any CPU.ActiveCfg = EQEmuRelease|Any CPU
		{57F1F1C5-B9A2-46C0-8C15-12F7EB8D782A}.EQEmuRelease|Mixed Platforms.ActiveCfg = EQEmuRelease|Any CPU
		{57F1F1C5-B9A2-46C0-8C15-12F7EB8D782A}.EQEmuRelease|x86.ActiveCfg = EQEmuRelease|Any CPU
		{57F1F1C5-B9A2-46C0-8C15-12F7EB8D782A}.Release|Any CPU.ActiveCfg = Release|Any CPU
		{57F1F1C5-B9A2-46C0-8C15-12F7EB8D782A}.Release|Any CPU.Build.0 = Release|Any CPU
		{57F1F1C5-B9A2-46C0-8C15-12F7EB8D782A}.Release|Mixed Platforms.ActiveCfg = Release|Any CPU
		{57F1F1C5-B9A2-46C0-8C15-12F7EB8D782A}.Release|Mixed Platforms.Build.0 = Release|Any CPU
		{57F1F1C5-B9A2-46C0-8C15-12F7EB8D782A}.Release|x86.ActiveCfg = Release|Any CPU
		{FC79B01E-6E68-44DE-9908-9A01EF4F8D24}.Debug|Any CPU.ActiveCfg = Debug|Any CPU
		{FC79B01E-6E68-44DE-9908-9A01EF4F8D24}.Debug|Any CPU.Build.0 = Debug|Any CPU
		{FC79B01E-6E68-44DE-9908-9A01EF4F8D24}.Debug|Mixed Platforms.ActiveCfg = Debug|Any CPU
		{FC79B01E-6E68-44DE-9908-9A01EF4F8D24}.Debug|Mixed Platforms.Build.0 = Debug|Any CPU
		{FC79B01E-6E68-44DE-9908-9A01EF4F8D24}.Debug|x86.ActiveCfg = Debug|Any CPU
		{FC79B01E-6E68-44DE-9908-9A01EF4F8D24}.EQEmuDebug|Any CPU.ActiveCfg = EQEmuDebug|Any CPU
		{FC79B01E-6E68-44DE-9908-9A01EF4F8D24}.EQEmuDebug|Mixed Platforms.ActiveCfg = EQEmuDebug|Any CPU
		{FC79B01E-6E68-44DE-9908-9A01EF4F8D24}.EQEmuDebug|x86.ActiveCfg = EQEmuDebug|Any CPU
		{FC79B01E-6E68-44DE-9908-9A01EF4F8D24}.EQEmuRelease|Any CPU.ActiveCfg = EQEmuRelease|Any CPU
		{FC79B01E-6E68-44DE-9908-9A01EF4F8D24}.EQEmuRelease|Mixed Platforms.ActiveCfg = EQEmuRelease|Any CPU
		{FC79B01E-6E68-44DE-9908-9A01EF4F8D24}.EQEmuRelease|x86.ActiveCfg = EQEmuRelease|Any CPU
		{FC79B01E-6E68-44DE-9908-9A01EF4F8D24}.Release|Any CPU.ActiveCfg = Release|Any CPU
		{FC79B01E-6E68-44DE-9908-9A01EF4F8D24}.Release|Any CPU.Build.0 = Release|Any CPU
		{FC79B01E-6E68-44DE-9908-9A01EF4F8D24}.Release|Mixed Platforms.ActiveCfg = Release|Any CPU
		{FC79B01E-6E68-44DE-9908-9A01EF4F8D24}.Release|Mixed Platforms.Build.0 = Release|Any CPU
		{FC79B01E-6E68-44DE-9908-9A01EF4F8D24}.Release|x86.ActiveCfg = Release|Any CPU
		{E94B5E83-FEA1-4863-BF9E-1913DB07A8C2}.Debug|Any CPU.ActiveCfg = Debug|Any CPU
		{E94B5E83-FEA1-4863-BF9E-1913DB07A8C2}.Debug|Any CPU.Build.0 = Debug|Any CPU
		{E94B5E83-FEA1-4863-BF9E-1913DB07A8C2}.Debug|Mixed Platforms.ActiveCfg = Debug|Any CPU
		{E94B5E83-FEA1-4863-BF9E-1913DB07A8C2}.Debug|Mixed Platforms.Build.0 = Debug|Any CPU
		{E94B5E83-FEA1-4863-BF9E-1913DB07A8C2}.Debug|x86.ActiveCfg = Debug|Any CPU
		{E94B5E83-FEA1-4863-BF9E-1913DB07A8C2}.EQEmuDebug|Any CPU.ActiveCfg = EQEmuDebug|Any CPU
		{E94B5E83-FEA1-4863-BF9E-1913DB07A8C2}.EQEmuDebug|Any CPU.Build.0 = EQEmuDebug|Any CPU
		{E94B5E83-FEA1-4863-BF9E-1913DB07A8C2}.EQEmuDebug|Mixed Platforms.ActiveCfg = EQEmuDebug|Any CPU
		{E94B5E83-FEA1-4863-BF9E-1913DB07A8C2}.EQEmuDebug|Mixed Platforms.Build.0 = EQEmuDebug|Any CPU
		{E94B5E83-FEA1-4863-BF9E-1913DB07A8C2}.EQEmuDebug|x86.ActiveCfg = EQEmuDebug|Any CPU
		{E94B5E83-FEA1-4863-BF9E-1913DB07A8C2}.EQEmuRelease|Any CPU.ActiveCfg = EQEmuRelease|Any CPU
		{E94B5E83-FEA1-4863-BF9E-1913DB07A8C2}.EQEmuRelease|Any CPU.Build.0 = EQEmuRelease|Any CPU
		{E94B5E83-FEA1-4863-BF9E-1913DB07A8C2}.EQEmuRelease|Mixed Platforms.ActiveCfg = EQEmuRelease|Any CPU
		{E94B5E83-FEA1-4863-BF9E-1913DB07A8C2}.EQEmuRelease|Mixed Platforms.Build.0 = EQEmuRelease|Any CPU
		{E94B5E83-FEA1-4863-BF9E-1913DB07A8C2}.EQEmuRelease|x86.ActiveCfg = EQEmuRelease|Any CPU
		{E94B5E83-FEA1-4863-BF9E-1913DB07A8C2}.Release|Any CPU.ActiveCfg = Release|Any CPU
		{E94B5E83-FEA1-4863-BF9E-1913DB07A8C2}.Release|Any CPU.Build.0 = Release|Any CPU
		{E94B5E83-FEA1-4863-BF9E-1913DB07A8C2}.Release|Mixed Platforms.ActiveCfg = Release|Any CPU
		{E94B5E83-FEA1-4863-BF9E-1913DB07A8C2}.Release|Mixed Platforms.Build.0 = Release|Any CPU
		{E94B5E83-FEA1-4863-BF9E-1913DB07A8C2}.Release|x86.ActiveCfg = Release|Any CPU
		{80AC7EAF-8689-4398-9E26-4289B81762A2}.Debug|Any CPU.ActiveCfg = Debug|Any CPU
		{80AC7EAF-8689-4398-9E26-4289B81762A2}.Debug|Any CPU.Build.0 = Debug|Any CPU
		{80AC7EAF-8689-4398-9E26-4289B81762A2}.Debug|Mixed Platforms.ActiveCfg = Debug|Any CPU
		{80AC7EAF-8689-4398-9E26-4289B81762A2}.Debug|Mixed Platforms.Build.0 = Debug|Any CPU
		{80AC7EAF-8689-4398-9E26-4289B81762A2}.Debug|x86.ActiveCfg = Debug|Any CPU
		{80AC7EAF-8689-4398-9E26-4289B81762A2}.EQEmuDebug|Any CPU.ActiveCfg = EQEmuDebug|Any CPU
		{80AC7EAF-8689-4398-9E26-4289B81762A2}.EQEmuDebug|Any CPU.Build.0 = EQEmuDebug|Any CPU
		{80AC7EAF-8689-4398-9E26-4289B81762A2}.EQEmuDebug|Mixed Platforms.ActiveCfg = EQEmuDebug|Any CPU
		{80AC7EAF-8689-4398-9E26-4289B81762A2}.EQEmuDebug|Mixed Platforms.Build.0 = EQEmuDebug|Any CPU
		{80AC7EAF-8689-4398-9E26-4289B81762A2}.EQEmuDebug|x86.ActiveCfg = EQEmuDebug|Any CPU
		{80AC7EAF-8689-4398-9E26-4289B81762A2}.EQEmuRelease|Any CPU.ActiveCfg = EQEmuRelease|Any CPU
		{80AC7EAF-8689-4398-9E26-4289B81762A2}.EQEmuRelease|Any CPU.Build.0 = EQEmuRelease|Any CPU
		{80AC7EAF-8689-4398-9E26-4289B81762A2}.EQEmuRelease|Mixed Platforms.ActiveCfg = EQEmuRelease|Any CPU
		{80AC7EAF-8689-4398-9E26-4289B81762A2}.EQEmuRelease|Mixed Platforms.Build.0 = EQEmuRelease|Any CPU
		{80AC7EAF-8689-4398-9E26-4289B81762A2}.EQEmuRelease|x86.ActiveCfg = EQEmuRelease|Any CPU
		{80AC7EAF-8689-4398-9E26-4289B81762A2}.Release|Any CPU.ActiveCfg = Release|Any CPU
		{80AC7EAF-8689-4398-9E26-4289B81762A2}.Release|Any CPU.Build.0 = Release|Any CPU
		{80AC7EAF-8689-4398-9E26-4289B81762A2}.Release|Mixed Platforms.ActiveCfg = Release|Any CPU
		{80AC7EAF-8689-4398-9E26-4289B81762A2}.Release|Mixed Platforms.Build.0 = Release|Any CPU
		{80AC7EAF-8689-4398-9E26-4289B81762A2}.Release|x86.ActiveCfg = Release|Any CPU
		{846EA2D3-CF96-4EFD-BB2E-D298B456D742}.Debug|Any CPU.ActiveCfg = Debug|Any CPU
		{846EA2D3-CF96-4EFD-BB2E-D298B456D742}.Debug|Any CPU.Build.0 = Debug|Any CPU
		{846EA2D3-CF96-4EFD-BB2E-D298B456D742}.Debug|Mixed Platforms.ActiveCfg = Debug|Any CPU
		{846EA2D3-CF96-4EFD-BB2E-D298B456D742}.Debug|Mixed Platforms.Build.0 = Debug|Any CPU
		{846EA2D3-CF96-4EFD-BB2E-D298B456D742}.Debug|x86.ActiveCfg = Debug|Any CPU
		{846EA2D3-CF96-4EFD-BB2E-D298B456D742}.EQEmuDebug|Any CPU.ActiveCfg = EQEmuDebug|Any CPU
		{846EA2D3-CF96-4EFD-BB2E-D298B456D742}.EQEmuDebug|Any CPU.Build.0 = EQEmuDebug|Any CPU
		{846EA2D3-CF96-4EFD-BB2E-D298B456D742}.EQEmuDebug|Mixed Platforms.ActiveCfg = EQEmuDebug|Any CPU
		{846EA2D3-CF96-4EFD-BB2E-D298B456D742}.EQEmuDebug|Mixed Platforms.Build.0 = EQEmuDebug|Any CPU
		{846EA2D3-CF96-4EFD-BB2E-D298B456D742}.EQEmuDebug|x86.ActiveCfg = EQEmuDebug|Any CPU
		{846EA2D3-CF96-4EFD-BB2E-D298B456D742}.EQEmuRelease|Any CPU.ActiveCfg = EQEmuRelease|Any CPU
		{846EA2D3-CF96-4EFD-BB2E-D298B456D742}.EQEmuRelease|Any CPU.Build.0 = EQEmuRelease|Any CPU
		{846EA2D3-CF96-4EFD-BB2E-D298B456D742}.EQEmuRelease|Mixed Platforms.ActiveCfg = EQEmuRelease|Any CPU
		{846EA2D3-CF96-4EFD-BB2E-D298B456D742}.EQEmuRelease|Mixed Platforms.Build.0 = EQEmuRelease|Any CPU
		{846EA2D3-CF96-4EFD-BB2E-D298B456D742}.EQEmuRelease|x86.ActiveCfg = EQEmuRelease|Any CPU
		{846EA2D3-CF96-4EFD-BB2E-D298B456D742}.Release|Any CPU.ActiveCfg = Release|Any CPU
		{846EA2D3-CF96-4EFD-BB2E-D298B456D742}.Release|Any CPU.Build.0 = Release|Any CPU
		{846EA2D3-CF96-4EFD-BB2E-D298B456D742}.Release|Mixed Platforms.ActiveCfg = Release|Any CPU
		{846EA2D3-CF96-4EFD-BB2E-D298B456D742}.Release|Mixed Platforms.Build.0 = Release|Any CPU
		{846EA2D3-CF96-4EFD-BB2E-D298B456D742}.Release|x86.ActiveCfg = Release|Any CPU
		{3E3CD01F-665A-47C3-845A-9D7A79FFFAF4}.Debug|Any CPU.ActiveCfg = Debug|Any CPU
		{3E3CD01F-665A-47C3-845A-9D7A79FFFAF4}.Debug|Any CPU.Build.0 = Debug|Any CPU
		{3E3CD01F-665A-47C3-845A-9D7A79FFFAF4}.Debug|Mixed Platforms.ActiveCfg = Debug|Any CPU
		{3E3CD01F-665A-47C3-845A-9D7A79FFFAF4}.Debug|Mixed Platforms.Build.0 = Debug|Any CPU
		{3E3CD01F-665A-47C3-845A-9D7A79FFFAF4}.Debug|x86.ActiveCfg = Debug|Any CPU
		{3E3CD01F-665A-47C3-845A-9D7A79FFFAF4}.EQEmuDebug|Any CPU.ActiveCfg = Debug|Any CPU
		{3E3CD01F-665A-47C3-845A-9D7A79FFFAF4}.EQEmuDebug|Any CPU.Build.0 = Debug|Any CPU
		{3E3CD01F-665A-47C3-845A-9D7A79FFFAF4}.EQEmuDebug|Mixed Platforms.ActiveCfg = EQEmuDebug|Any CPU
		{3E3CD01F-665A-47C3-845A-9D7A79FFFAF4}.EQEmuDebug|Mixed Platforms.Build.0 = EQEmuDebug|Any CPU
		{3E3CD01F-665A-47C3-845A-9D7A79FFFAF4}.EQEmuDebug|x86.ActiveCfg = Debug|Any CPU
		{3E3CD01F-665A-47C3-845A-9D7A79FFFAF4}.EQEmuRelease|Any CPU.ActiveCfg = Release|Any CPU
		{3E3CD01F-665A-47C3-845A-9D7A79FFFAF4}.EQEmuRelease|Any CPU.Build.0 = Release|Any CPU
		{3E3CD01F-665A-47C3-845A-9D7A79FFFAF4}.EQEmuRelease|Mixed Platforms.ActiveCfg = EQEmuRelease|Any CPU
		{3E3CD01F-665A-47C3-845A-9D7A79FFFAF4}.EQEmuRelease|Mixed Platforms.Build.0 = EQEmuRelease|Any CPU
		{3E3CD01F-665A-47C3-845A-9D7A79FFFAF4}.EQEmuRelease|x86.ActiveCfg = Release|Any CPU
		{3E3CD01F-665A-47C3-845A-9D7A79FFFAF4}.Release|Any CPU.ActiveCfg = Release|Any CPU
		{3E3CD01F-665A-47C3-845A-9D7A79FFFAF4}.Release|Any CPU.Build.0 = Release|Any CPU
		{3E3CD01F-665A-47C3-845A-9D7A79FFFAF4}.Release|Mixed Platforms.ActiveCfg = Release|Any CPU
		{3E3CD01F-665A-47C3-845A-9D7A79FFFAF4}.Release|Mixed Platforms.Build.0 = Release|Any CPU
		{3E3CD01F-665A-47C3-845A-9D7A79FFFAF4}.Release|x86.ActiveCfg = Release|Any CPU
		{71EC9BE8-E02C-4326-ACD3-12D62E0D7553}.Debug|Any CPU.ActiveCfg = Debug|Any CPU
		{71EC9BE8-E02C-4326-ACD3-12D62E0D7553}.Debug|Any CPU.Build.0 = Debug|Any CPU
		{71EC9BE8-E02C-4326-ACD3-12D62E0D7553}.Debug|Mixed Platforms.ActiveCfg = Debug|Any CPU
		{71EC9BE8-E02C-4326-ACD3-12D62E0D7553}.Debug|Mixed Platforms.Build.0 = Debug|Any CPU
		{71EC9BE8-E02C-4326-ACD3-12D62E0D7553}.Debug|x86.ActiveCfg = Debug|Any CPU
		{71EC9BE8-E02C-4326-ACD3-12D62E0D7553}.EQEmuDebug|Any CPU.ActiveCfg = Debug|Any CPU
		{71EC9BE8-E02C-4326-ACD3-12D62E0D7553}.EQEmuDebug|Any CPU.Build.0 = Debug|Any CPU
		{71EC9BE8-E02C-4326-ACD3-12D62E0D7553}.EQEmuDebug|Mixed Platforms.ActiveCfg = EQEmuDebug|Any CPU
		{71EC9BE8-E02C-4326-ACD3-12D62E0D7553}.EQEmuDebug|Mixed Platforms.Build.0 = EQEmuDebug|Any CPU
		{71EC9BE8-E02C-4326-ACD3-12D62E0D7553}.EQEmuDebug|x86.ActiveCfg = Debug|Any CPU
		{71EC9BE8-E02C-4326-ACD3-12D62E0D7553}.EQEmuRelease|Any CPU.ActiveCfg = Release|Any CPU
		{71EC9BE8-E02C-4326-ACD3-12D62E0D7553}.EQEmuRelease|Any CPU.Build.0 = Release|Any CPU
		{71EC9BE8-E02C-4326-ACD3-12D62E0D7553}.EQEmuRelease|Mixed Platforms.ActiveCfg = EQEmuRelease|Any CPU
		{71EC9BE8-E02C-4326-ACD3-12D62E0D7553}.EQEmuRelease|Mixed Platforms.Build.0 = EQEmuRelease|Any CPU
		{71EC9BE8-E02C-4326-ACD3-12D62E0D7553}.EQEmuRelease|x86.ActiveCfg = Release|Any CPU
		{71EC9BE8-E02C-4326-ACD3-12D62E0D7553}.Release|Any CPU.ActiveCfg = Release|Any CPU
		{71EC9BE8-E02C-4326-ACD3-12D62E0D7553}.Release|Any CPU.Build.0 = Release|Any CPU
		{71EC9BE8-E02C-4326-ACD3-12D62E0D7553}.Release|Mixed Platforms.ActiveCfg = Release|Any CPU
		{71EC9BE8-E02C-4326-ACD3-12D62E0D7553}.Release|Mixed Platforms.Build.0 = Release|Any CPU
		{71EC9BE8-E02C-4326-ACD3-12D62E0D7553}.Release|x86.ActiveCfg = Release|Any CPU
		{E9ED1CD9-7460-4E96-8661-706B243B50D1}.Debug|Any CPU.ActiveCfg = Debug|Any CPU
		{E9ED1CD9-7460-4E96-8661-706B243B50D1}.Debug|Any CPU.Build.0 = Debug|Any CPU
		{E9ED1CD9-7460-4E96-8661-706B243B50D1}.Debug|Mixed Platforms.ActiveCfg = Debug|Any CPU
		{E9ED1CD9-7460-4E96-8661-706B243B50D1}.Debug|Mixed Platforms.Build.0 = Debug|Any CPU
		{E9ED1CD9-7460-4E96-8661-706B243B50D1}.Debug|x86.ActiveCfg = Debug|Any CPU
		{E9ED1CD9-7460-4E96-8661-706B243B50D1}.EQEmuDebug|Any CPU.ActiveCfg = Debug|Any CPU
		{E9ED1CD9-7460-4E96-8661-706B243B50D1}.EQEmuDebug|Any CPU.Build.0 = Debug|Any CPU
		{E9ED1CD9-7460-4E96-8661-706B243B50D1}.EQEmuDebug|Mixed Platforms.ActiveCfg = EQEmuDebug|Any CPU
		{E9ED1CD9-7460-4E96-8661-706B243B50D1}.EQEmuDebug|Mixed Platforms.Build.0 = EQEmuDebug|Any CPU
		{E9ED1CD9-7460-4E96-8661-706B243B50D1}.EQEmuDebug|x86.ActiveCfg = Debug|Any CPU
		{E9ED1CD9-7460-4E96-8661-706B243B50D1}.EQEmuRelease|Any CPU.ActiveCfg = Release|Any CPU
		{E9ED1CD9-7460-4E96-8661-706B243B50D1}.EQEmuRelease|Any CPU.Build.0 = Release|Any CPU
		{E9ED1CD9-7460-4E96-8661-706B243B50D1}.EQEmuRelease|Mixed Platforms.ActiveCfg = EQEmuRelease|Any CPU
		{E9ED1CD9-7460-4E96-8661-706B243B50D1}.EQEmuRelease|Mixed Platforms.Build.0 = EQEmuRelease|Any CPU
		{E9ED1CD9-7460-4E96-8661-706B243B50D1}.EQEmuRelease|x86.ActiveCfg = Release|Any CPU
		{E9ED1CD9-7460-4E96-8661-706B243B50D1}.Release|Any CPU.ActiveCfg = Release|Any CPU
		{E9ED1CD9-7460-4E96-8661-706B243B50D1}.Release|Any CPU.Build.0 = Release|Any CPU
		{E9ED1CD9-7460-4E96-8661-706B243B50D1}.Release|Mixed Platforms.ActiveCfg = Release|Any CPU
		{E9ED1CD9-7460-4E96-8661-706B243B50D1}.Release|Mixed Platforms.Build.0 = Release|Any CPU
		{E9ED1CD9-7460-4E96-8661-706B243B50D1}.Release|x86.ActiveCfg = Release|Any CPU
		{B900320D-068A-42E3-AE50-3D705058E213}.Debug|Any CPU.ActiveCfg = Debug|Any CPU
		{B900320D-068A-42E3-AE50-3D705058E213}.Debug|Any CPU.Build.0 = Debug|Any CPU
		{B900320D-068A-42E3-AE50-3D705058E213}.Debug|Mixed Platforms.ActiveCfg = Debug|Any CPU
		{B900320D-068A-42E3-AE50-3D705058E213}.Debug|Mixed Platforms.Build.0 = Debug|Any CPU
		{B900320D-068A-42E3-AE50-3D705058E213}.Debug|x86.ActiveCfg = Debug|Any CPU
		{B900320D-068A-42E3-AE50-3D705058E213}.EQEmuDebug|Any CPU.ActiveCfg = Debug|Any CPU
		{B900320D-068A-42E3-AE50-3D705058E213}.EQEmuDebug|Any CPU.Build.0 = Debug|Any CPU
		{B900320D-068A-42E3-AE50-3D705058E213}.EQEmuDebug|Mixed Platforms.ActiveCfg = Debug|Any CPU
		{B900320D-068A-42E3-AE50-3D705058E213}.EQEmuDebug|Mixed Platforms.Build.0 = Debug|Any CPU
		{B900320D-068A-42E3-AE50-3D705058E213}.EQEmuDebug|x86.ActiveCfg = Debug|Any CPU
		{B900320D-068A-42E3-AE50-3D705058E213}.EQEmuRelease|Any CPU.ActiveCfg = Release|Any CPU
		{B900320D-068A-42E3-AE50-3D705058E213}.EQEmuRelease|Any CPU.Build.0 = Release|Any CPU
		{B900320D-068A-42E3-AE50-3D705058E213}.EQEmuRelease|Mixed Platforms.ActiveCfg = Release|Any CPU
		{B900320D-068A-42E3-AE50-3D705058E213}.EQEmuRelease|Mixed Platforms.Build.0 = Release|Any CPU
		{B900320D-068A-42E3-AE50-3D705058E213}.EQEmuRelease|x86.ActiveCfg = Release|Any CPU
		{B900320D-068A-42E3-AE50-3D705058E213}.Release|Any CPU.ActiveCfg = Release|Any CPU
		{B900320D-068A-42E3-AE50-3D705058E213}.Release|Any CPU.Build.0 = Release|Any CPU
		{B900320D-068A-42E3-AE50-3D705058E213}.Release|Mixed Platforms.ActiveCfg = Release|Any CPU
		{B900320D-068A-42E3-AE50-3D705058E213}.Release|Mixed Platforms.Build.0 = Release|Any CPU
		{B900320D-068A-42E3-AE50-3D705058E213}.Release|x86.ActiveCfg = Release|Any CPU
		{710A97A9-EF86-40A4-A38C-BD9001404F33}.Debug|Any CPU.ActiveCfg = Debug|Any CPU
		{710A97A9-EF86-40A4-A38C-BD9001404F33}.Debug|Any CPU.Build.0 = Debug|Any CPU
		{710A97A9-EF86-40A4-A38C-BD9001404F33}.Debug|Mixed Platforms.ActiveCfg = Debug|Any CPU
		{710A97A9-EF86-40A4-A38C-BD9001404F33}.Debug|Mixed Platforms.Build.0 = Debug|Any CPU
		{710A97A9-EF86-40A4-A38C-BD9001404F33}.Debug|x86.ActiveCfg = Debug|Any CPU
		{710A97A9-EF86-40A4-A38C-BD9001404F33}.EQEmuDebug|Any CPU.ActiveCfg = Debug|Any CPU
		{710A97A9-EF86-40A4-A38C-BD9001404F33}.EQEmuDebug|Any CPU.Build.0 = Debug|Any CPU
		{710A97A9-EF86-40A4-A38C-BD9001404F33}.EQEmuDebug|Mixed Platforms.ActiveCfg = Debug|Any CPU
		{710A97A9-EF86-40A4-A38C-BD9001404F33}.EQEmuDebug|Mixed Platforms.Build.0 = Debug|Any CPU
		{710A97A9-EF86-40A4-A38C-BD9001404F33}.EQEmuDebug|x86.ActiveCfg = Debug|Any CPU
		{710A97A9-EF86-40A4-A38C-BD9001404F33}.EQEmuRelease|Any CPU.ActiveCfg = Release|Any CPU
		{710A97A9-EF86-40A4-A38C-BD9001404F33}.EQEmuRelease|Any CPU.Build.0 = Release|Any CPU
		{710A97A9-EF86-40A4-A38C-BD9001404F33}.EQEmuRelease|Mixed Platforms.ActiveCfg = Release|Any CPU
		{710A97A9-EF86-40A4-A38C-BD9001404F33}.EQEmuRelease|Mixed Platforms.Build.0 = Release|Any CPU
		{710A97A9-EF86-40A4-A38C-BD9001404F33}.EQEmuRelease|x86.ActiveCfg = Release|Any CPU
		{710A97A9-EF86-40A4-A38C-BD9001404F33}.Release|Any CPU.ActiveCfg = Release|Any CPU
		{710A97A9-EF86-40A4-A38C-BD9001404F33}.Release|Any CPU.Build.0 = Release|Any CPU
		{710A97A9-EF86-40A4-A38C-BD9001404F33}.Release|Mixed Platforms.ActiveCfg = Release|Any CPU
		{710A97A9-EF86-40A4-A38C-BD9001404F33}.Release|Mixed Platforms.Build.0 = Release|Any CPU
		{710A97A9-EF86-40A4-A38C-BD9001404F33}.Release|x86.ActiveCfg = Release|Any CPU
	EndGlobalSection
	GlobalSection(SolutionProperties) = preSolution
		HideSolutionNode = FALSE
	EndGlobalSection
EndGlobal
